
Microsoft Visual Studio Solution File, Format Version 12.00
# Visual Studio Version 16
VisualStudioVersion = 16.0.30611.23
MinimumVisualStudioVersion = 10.0.40219.1
Project("{FAE04EC0-301F-11D3-BF4B-00C04F79EFBC}") = "Area51NyeSikkerhedssysyem", "Area51NyeSikkerhedssysyem\Area51NyeSikkerhedssysyem.csproj", "{C559E03C-3A6D-454B-BD3D-EBD794FBB076}"
EndProject
Global
	GlobalSection(SolutionConfigurationPlatforms) = preSolution
		Debug|Any CPU = Debug|Any CPU
		Release|Any CPU = Release|Any CPU
	EndGlobalSection
	GlobalSection(ProjectConfigurationPlatforms) = postSolution
		{C559E03C-3A6D-454B-BD3D-EBD794FBB076}.Debug|Any CPU.ActiveCfg = Debug|Any CPU
		{C559E03C-3A6D-454B-BD3D-EBD794FBB076}.Debug|Any CPU.Build.0 = Debug|Any CPU
		{C559E03C-3A6D-454B-BD3D-EBD794FBB076}.Release|Any CPU.ActiveCfg = Release|Any CPU
		{C559E03C-3A6D-454B-BD3D-EBD794FBB076}.Release|Any CPU.Build.0 = Release|Any CPU
	EndGlobalSection
	GlobalSection(SolutionProperties) = preSolution
		HideSolutionNode = FALSE
	EndGlobalSection
	GlobalSection(ExtensibilityGlobals) = postSolution
		SolutionGuid = {75C9A9DC-5025-4B42-8252-AEA93EEB3DB7}
	EndGlobalSection
EndGlobal
